
Microsoft Visual Studio Solution File, Format Version 12.00
# Visual Studio Version 17
VisualStudioVersion = 17.3.32929.385
MinimumVisualStudioVersion = 10.0.40219.1
Project("{FAE04EC0-301F-11D3-BF4B-00C04F79EFBC}") = "test1", "test1\test1.csproj", "{80C0B72C-770D-4ACF-8C53-64FEDAE7324B}"
EndProject
Global
	GlobalSection(SolutionConfigurationPlatforms) = preSolution
		Debug|Any CPU = Debug|Any CPU
		Release|Any CPU = Release|Any CPU
	EndGlobalSection
	GlobalSection(ProjectConfigurationPlatforms) = postSolution
		{80C0B72C-770D-4ACF-8C53-64FEDAE7324B}.Debug|Any CPU.ActiveCfg = Debug|Any CPU
		{80C0B72C-770D-4ACF-8C53-64FEDAE7324B}.Debug|Any CPU.Build.0 = Debug|Any CPU
		{80C0B72C-770D-4ACF-8C53-64FEDAE7324B}.Release|Any CPU.ActiveCfg = Release|Any CPU
		{80C0B72C-770D-4ACF-8C53-64FEDAE7324B}.Release|Any CPU.Build.0 = Release|Any CPU
	EndGlobalSection
	GlobalSection(SolutionProperties) = preSolution
		HideSolutionNode = FALSE
	EndGlobalSection
	GlobalSection(ExtensibilityGlobals) = postSolution
		SolutionGuid = {16857B07-0E82-457D-B22B-8620F6814C0C}
	EndGlobalSection
EndGlobal
